
Microsoft Visual Studio Solution File, Format Version 12.00
# Visual Studio Version 16
VisualStudioVersion = 16.0.31911.196
MinimumVisualStudioVersion = 10.0.40219.1
Project("{FAE04EC0-301F-11D3-BF4B-00C04F79EFBC}") = "NLayerProject.API", "NLayerProject.API\NLayerProject.API.csproj", "{B8C541D8-6DBE-453F-AB8A-FCEC91A29DB4}"
EndProject
Global
	GlobalSection(SolutionConfigurationPlatforms) = preSolution
		Debug|Any CPU = Debug|Any CPU
		Release|Any CPU = Release|Any CPU
	EndGlobalSection
	GlobalSection(ProjectConfigurationPlatforms) = postSolution
		{B8C541D8-6DBE-453F-AB8A-FCEC91A29DB4}.Debug|Any CPU.ActiveCfg = Debug|Any CPU
		{B8C541D8-6DBE-453F-AB8A-FCEC91A29DB4}.Debug|Any CPU.Build.0 = Debug|Any CPU
		{B8C541D8-6DBE-453F-AB8A-FCEC91A29DB4}.Release|Any CPU.ActiveCfg = Release|Any CPU
		{B8C541D8-6DBE-453F-AB8A-FCEC91A29DB4}.Release|Any CPU.Build.0 = Release|Any CPU
	EndGlobalSection
	GlobalSection(SolutionProperties) = preSolution
		HideSolutionNode = FALSE
	EndGlobalSection
	GlobalSection(ExtensibilityGlobals) = postSolution
		SolutionGuid = {EFE0AC95-749A-48AE-AE41-D53076D633A1}
	EndGlobalSection
EndGlobal
